// !$*UTF8*$!
{
	archiveVersion = 1;
	classes = {
	};
	objectVersion = 56;
	objects = {

/* Begin PBXBuildFile section */
		06635E6C29654E0100504ABE /* LoginViewController.swift in Sources */ = {isa = PBXBuildFile; fileRef = 06635E6B29654E0100504ABE /* LoginViewController.swift */; };
		068139B62966A95900BB745C /* ForgotPasswordViewController.swift in Sources */ = {isa = PBXBuildFile; fileRef = 068139B52966A95900BB745C /* ForgotPasswordViewController.swift */; };
		068139B82966C00E00BB745C /* EnterNewPasswordViewController.swift in Sources */ = {isa = PBXBuildFile; fileRef = 068139B72966C00E00BB745C /* EnterNewPasswordViewController.swift */; };
		584B4DC6296C7D6200B1A3D1 /* DetailWorkoutViewController.swift in Sources */ = {isa = PBXBuildFile; fileRef = 584B4DC5296C7D6200B1A3D1 /* DetailWorkoutViewController.swift */; };
		584B4DC8296C7D8900B1A3D1 /* DetailWorkoutTableViewCell.swift in Sources */ = {isa = PBXBuildFile; fileRef = 584B4DC7296C7D8900B1A3D1 /* DetailWorkoutTableViewCell.swift */; };
		58551572295DB9CC00A95485 /* OnboardingViewController.swift in Sources */ = {isa = PBXBuildFile; fileRef = 58551571295DB9CC00A95485 /* OnboardingViewController.swift */; };
		58B62C08296B162200C77B3A /* AmrapViewController.swift in Sources */ = {isa = PBXBuildFile; fileRef = 58B62C07296B162200C77B3A /* AmrapViewController.swift */; };
		58B62C0A296B1F3C00C77B3A /* AmrapTableViewCell.swift in Sources */ = {isa = PBXBuildFile; fileRef = 58B62C09296B1F3C00C77B3A /* AmrapTableViewCell.swift */; };
		58D6B2A2296829CB0040FE6C /* HomeViewController.swift in Sources */ = {isa = PBXBuildFile; fileRef = 58D6B2A1296829CB0040FE6C /* HomeViewController.swift */; };
		58D6B2A429682A020040FE6C /* SearchViewController.swift in Sources */ = {isa = PBXBuildFile; fileRef = 58D6B2A329682A020040FE6C /* SearchViewController.swift */; };
		58D6B2A629682A1F0040FE6C /* ArticleViewController.swift in Sources */ = {isa = PBXBuildFile; fileRef = 58D6B2A529682A1F0040FE6C /* ArticleViewController.swift */; };
		58D6B2A829682A2E0040FE6C /* ProfileViewController.swift in Sources */ = {isa = PBXBuildFile; fileRef = 58D6B2A729682A2E0040FE6C /* ProfileViewController.swift */; };
		58D6B2AC2968307C0040FE6C /* TrendingHeaderTableView.swift in Sources */ = {isa = PBXBuildFile; fileRef = 58D6B2AB2968307C0040FE6C /* TrendingHeaderTableView.swift */; };
		58D6B2AE296830BB0040FE6C /* TrendingTableViewCell.swift in Sources */ = {isa = PBXBuildFile; fileRef = 58D6B2AD296830BB0040FE6C /* TrendingTableViewCell.swift */; };
		58D6B2B0296831010040FE6C /* TrendingCollectionViewCell.swift in Sources */ = {isa = PBXBuildFile; fileRef = 58D6B2AF296831010040FE6C /* TrendingCollectionViewCell.swift */; };
		58D6B2B22968314F0040FE6C /* Resource.swift in Sources */ = {isa = PBXBuildFile; fileRef = 58D6B2B12968314F0040FE6C /* Resource.swift */; };
		58D6B2B42968362B0040FE6C /* AdditionalTableViewCell.swift in Sources */ = {isa = PBXBuildFile; fileRef = 58D6B2B32968362B0040FE6C /* AdditionalTableViewCell.swift */; };
		58D6B2B6296836410040FE6C /* AdditionalCollectionViewCell.swift in Sources */ = {isa = PBXBuildFile; fileRef = 58D6B2B5296836410040FE6C /* AdditionalCollectionViewCell.swift */; };
		5F0A1D2F296FF2F80068A823 /* MoreArticleTableViewCell.swift in Sources */ = {isa = PBXBuildFile; fileRef = 5F0A1D2E296FF2F80068A823 /* MoreArticleTableViewCell.swift */; };
		5F0A1D31296FF63A0068A823 /* ExactArticleViewController.swift in Sources */ = {isa = PBXBuildFile; fileRef = 5F0A1D30296FF63A0068A823 /* ExactArticleViewController.swift */; };
		5F173B31295DD1000069A78B /* SignUpViewController.swift in Sources */ = {isa = PBXBuildFile; fileRef = 5F173B30295DD0FF0069A78B /* SignUpViewController.swift */; };
		5FA4C4B4296C45E3000CF3D3 /* PhoneNumberVerificationViewController.swift in Sources */ = {isa = PBXBuildFile; fileRef = 5FA4C4B3296C45E3000CF3D3 /* PhoneNumberVerificationViewController.swift */; };
		5FA4C4B6296C45F5000CF3D3 /* EmailVerficationViewController.swift in Sources */ = {isa = PBXBuildFile; fileRef = 5FA4C4B5296C45F5000CF3D3 /* EmailVerficationViewController.swift */; };
		5FA8BDC1295C11570065071E /* AppDelegate.swift in Sources */ = {isa = PBXBuildFile; fileRef = 5FA8BDC0295C11570065071E /* AppDelegate.swift */; };
		5FA8BDC3295C11570065071E /* SceneDelegate.swift in Sources */ = {isa = PBXBuildFile; fileRef = 5FA8BDC2295C11570065071E /* SceneDelegate.swift */; };
		5FA8BDCA295C11580065071E /* Assets.xcassets in Resources */ = {isa = PBXBuildFile; fileRef = 5FA8BDC9295C11580065071E /* Assets.xcassets */; };
		5FA8BDCD295C11580065071E /* LaunchScreen.storyboard in Resources */ = {isa = PBXBuildFile; fileRef = 5FA8BDCB295C11580065071E /* LaunchScreen.storyboard */; };
		5FE72AB82966BF8800BEB64B /* VerifyViewController.swift in Sources */ = {isa = PBXBuildFile; fileRef = 5FE72AB72966BF8800BEB64B /* VerifyViewController.swift */; };
		5FF2E6C829699CEA00F5414A /* VerificationMethodViewCell.swift in Sources */ = {isa = PBXBuildFile; fileRef = 5FF2E6C729699CEA00F5414A /* VerificationMethodViewCell.swift */; };
/* End PBXBuildFile section */

/* Begin PBXFileReference section */
		06635E6B29654E0100504ABE /* LoginViewController.swift */ = {isa = PBXFileReference; fileEncoding = 4; lastKnownFileType = sourcecode.swift; path = LoginViewController.swift; sourceTree = "<group>"; };
		068139B52966A95900BB745C /* ForgotPasswordViewController.swift */ = {isa = PBXFileReference; lastKnownFileType = sourcecode.swift; path = ForgotPasswordViewController.swift; sourceTree = "<group>"; };
		068139B72966C00E00BB745C /* EnterNewPasswordViewController.swift */ = {isa = PBXFileReference; lastKnownFileType = sourcecode.swift; path = EnterNewPasswordViewController.swift; sourceTree = "<group>"; };
		584B4DC5296C7D6200B1A3D1 /* DetailWorkoutViewController.swift */ = {isa = PBXFileReference; lastKnownFileType = sourcecode.swift; path = DetailWorkoutViewController.swift; sourceTree = "<group>"; };
		584B4DC7296C7D8900B1A3D1 /* DetailWorkoutTableViewCell.swift */ = {isa = PBXFileReference; lastKnownFileType = sourcecode.swift; path = DetailWorkoutTableViewCell.swift; sourceTree = "<group>"; };
		58551571295DB9CC00A95485 /* OnboardingViewController.swift */ = {isa = PBXFileReference; lastKnownFileType = sourcecode.swift; path = OnboardingViewController.swift; sourceTree = "<group>"; };
		58B62C07296B162200C77B3A /* AmrapViewController.swift */ = {isa = PBXFileReference; lastKnownFileType = sourcecode.swift; path = AmrapViewController.swift; sourceTree = "<group>"; };
		58B62C09296B1F3C00C77B3A /* AmrapTableViewCell.swift */ = {isa = PBXFileReference; lastKnownFileType = sourcecode.swift; path = AmrapTableViewCell.swift; sourceTree = "<group>"; };
		58D6B2A1296829CB0040FE6C /* HomeViewController.swift */ = {isa = PBXFileReference; lastKnownFileType = sourcecode.swift; path = HomeViewController.swift; sourceTree = "<group>"; };
		58D6B2A329682A020040FE6C /* SearchViewController.swift */ = {isa = PBXFileReference; lastKnownFileType = sourcecode.swift; path = SearchViewController.swift; sourceTree = "<group>"; };
		58D6B2A529682A1F0040FE6C /* ArticleViewController.swift */ = {isa = PBXFileReference; lastKnownFileType = sourcecode.swift; path = ArticleViewController.swift; sourceTree = "<group>"; };
		58D6B2A729682A2E0040FE6C /* ProfileViewController.swift */ = {isa = PBXFileReference; lastKnownFileType = sourcecode.swift; path = ProfileViewController.swift; sourceTree = "<group>"; };
		58D6B2AB2968307C0040FE6C /* TrendingHeaderTableView.swift */ = {isa = PBXFileReference; lastKnownFileType = sourcecode.swift; path = TrendingHeaderTableView.swift; sourceTree = "<group>"; };
		58D6B2AD296830BB0040FE6C /* TrendingTableViewCell.swift */ = {isa = PBXFileReference; lastKnownFileType = sourcecode.swift; path = TrendingTableViewCell.swift; sourceTree = "<group>"; };
		58D6B2AF296831010040FE6C /* TrendingCollectionViewCell.swift */ = {isa = PBXFileReference; lastKnownFileType = sourcecode.swift; path = TrendingCollectionViewCell.swift; sourceTree = "<group>"; };
		58D6B2B12968314F0040FE6C /* Resource.swift */ = {isa = PBXFileReference; lastKnownFileType = sourcecode.swift; path = Resource.swift; sourceTree = "<group>"; };
		58D6B2B32968362B0040FE6C /* AdditionalTableViewCell.swift */ = {isa = PBXFileReference; lastKnownFileType = sourcecode.swift; path = AdditionalTableViewCell.swift; sourceTree = "<group>"; };
		58D6B2B5296836410040FE6C /* AdditionalCollectionViewCell.swift */ = {isa = PBXFileReference; lastKnownFileType = sourcecode.swift; path = AdditionalCollectionViewCell.swift; sourceTree = "<group>"; };
		5F0A1D2E296FF2F80068A823 /* MoreArticleTableViewCell.swift */ = {isa = PBXFileReference; lastKnownFileType = sourcecode.swift; path = MoreArticleTableViewCell.swift; sourceTree = "<group>"; };
		5F0A1D30296FF63A0068A823 /* ExactArticleViewController.swift */ = {isa = PBXFileReference; lastKnownFileType = sourcecode.swift; path = ExactArticleViewController.swift; sourceTree = "<group>"; };
		5F173B30295DD0FF0069A78B /* SignUpViewController.swift */ = {isa = PBXFileReference; lastKnownFileType = sourcecode.swift; path = SignUpViewController.swift; sourceTree = "<group>"; };
		5FA4C4B3296C45E3000CF3D3 /* PhoneNumberVerificationViewController.swift */ = {isa = PBXFileReference; lastKnownFileType = sourcecode.swift; path = PhoneNumberVerificationViewController.swift; sourceTree = "<group>"; };
		5FA4C4B5296C45F5000CF3D3 /* EmailVerficationViewController.swift */ = {isa = PBXFileReference; lastKnownFileType = sourcecode.swift; path = EmailVerficationViewController.swift; sourceTree = "<group>"; };
		5FA8BDBD295C11570065071E /* fitApp.app */ = {isa = PBXFileReference; explicitFileType = wrapper.application; includeInIndex = 0; path = fitApp.app; sourceTree = BUILT_PRODUCTS_DIR; };
		5FA8BDC0295C11570065071E /* AppDelegate.swift */ = {isa = PBXFileReference; lastKnownFileType = sourcecode.swift; path = AppDelegate.swift; sourceTree = "<group>"; };
		5FA8BDC2295C11570065071E /* SceneDelegate.swift */ = {isa = PBXFileReference; lastKnownFileType = sourcecode.swift; path = SceneDelegate.swift; sourceTree = "<group>"; };
		5FA8BDC9295C11580065071E /* Assets.xcassets */ = {isa = PBXFileReference; lastKnownFileType = folder.assetcatalog; path = Assets.xcassets; sourceTree = "<group>"; };
		5FA8BDCC295C11580065071E /* Base */ = {isa = PBXFileReference; lastKnownFileType = file.storyboard; name = Base; path = Base.lproj/LaunchScreen.storyboard; sourceTree = "<group>"; };
		5FA8BDCE295C11580065071E /* Info.plist */ = {isa = PBXFileReference; lastKnownFileType = text.plist.xml; path = Info.plist; sourceTree = "<group>"; };
		5FE72AB72966BF8800BEB64B /* VerifyViewController.swift */ = {isa = PBXFileReference; lastKnownFileType = sourcecode.swift; path = VerifyViewController.swift; sourceTree = "<group>"; };
		5FF2E6C729699CEA00F5414A /* VerificationMethodViewCell.swift */ = {isa = PBXFileReference; lastKnownFileType = sourcecode.swift; path = VerificationMethodViewCell.swift; sourceTree = "<group>"; };
/* End PBXFileReference section */

/* Begin PBXFrameworksBuildPhase section */
		5FA8BDBA295C11570065071E /* Frameworks */ = {
			isa = PBXFrameworksBuildPhase;
			buildActionMask = 2147483647;
			files = (
			);
			runOnlyForDeploymentPostprocessing = 0;
		};
/* End PBXFrameworksBuildPhase section */

/* Begin PBXGroup section */
		58B62C06296B15F700C77B3A /* HomeHeaderTapp */ = {
			isa = PBXGroup;
			children = (
				58B62C07296B162200C77B3A /* AmrapViewController.swift */,
				58B62C09296B1F3C00C77B3A /* AmrapTableViewCell.swift */,
				584B4DC5296C7D6200B1A3D1 /* DetailWorkoutViewController.swift */,
				584B4DC7296C7D8900B1A3D1 /* DetailWorkoutTableViewCell.swift */,
			);
			path = HomeHeaderTapp;
			sourceTree = "<group>";
		};
		58D6B2A929682A3C0040FE6C /* TabBarControllers */ = {
			isa = PBXGroup;
			children = (
				58D6B2AA29682FF70040FE6C /* HomeViewControllers */,
				58D6B2A329682A020040FE6C /* SearchViewController.swift */,
				5F07243C296ED82800E9D979 /* Article section */,
				58D6B2A729682A2E0040FE6C /* ProfileViewController.swift */,
			);
			path = TabBarControllers;
			sourceTree = "<group>";
		};
		58D6B2AA29682FF70040FE6C /* HomeViewControllers */ = {
			isa = PBXGroup;
			children = (
				58B62C06296B15F700C77B3A /* HomeHeaderTapp */,
				58D6B2A1296829CB0040FE6C /* HomeViewController.swift */,
				58D6B2AB2968307C0040FE6C /* TrendingHeaderTableView.swift */,
				58D6B2AD296830BB0040FE6C /* TrendingTableViewCell.swift */,
				58D6B2AF296831010040FE6C /* TrendingCollectionViewCell.swift */,
				58D6B2B32968362B0040FE6C /* AdditionalTableViewCell.swift */,
				58D6B2B5296836410040FE6C /* AdditionalCollectionViewCell.swift */,
				58D6B2B12968314F0040FE6C /* Resource.swift */,
			);
			path = HomeViewControllers;
			sourceTree = "<group>";
		};
		5F07243C296ED82800E9D979 /* Article section */ = {
			isa = PBXGroup;
			children = (
				58D6B2A529682A1F0040FE6C /* ArticleViewController.swift */,
				5F0A1D2E296FF2F80068A823 /* MoreArticleTableViewCell.swift */,
				5F0A1D30296FF63A0068A823 /* ExactArticleViewController.swift */,
			);
			path = "Article section";
			sourceTree = "<group>";
		};
		5F952A4D296C1B9000429B27 /* Verification */ = {
			isa = PBXGroup;
			children = (
				5FE72AB72966BF8800BEB64B /* VerifyViewController.swift */,
				5FF2E6C729699CEA00F5414A /* VerificationMethodViewCell.swift */,
				5FA4C4B3296C45E3000CF3D3 /* PhoneNumberVerificationViewController.swift */,
				5FA4C4B5296C45F5000CF3D3 /* EmailVerficationViewController.swift */,
			);
			path = Verification;
			sourceTree = "<group>";
		};
		5FA8BDB4295C11570065071E = {
			isa = PBXGroup;
			children = (
				5FA8BDBF295C11570065071E /* fitApp */,
				5FA8BDBE295C11570065071E /* Products */,
			);
			sourceTree = "<group>";
		};
		5FA8BDBE295C11570065071E /* Products */ = {
			isa = PBXGroup;
			children = (
				5FA8BDBD295C11570065071E /* fitApp.app */,
			);
			name = Products;
			sourceTree = "<group>";
		};
		5FA8BDBF295C11570065071E /* fitApp */ = {
			isa = PBXGroup;
			children = (
				5FA8BDC0295C11570065071E /* AppDelegate.swift */,
				5FA8BDC2295C11570065071E /* SceneDelegate.swift */,
				06635E6B29654E0100504ABE /* LoginViewController.swift */,
				068139B52966A95900BB745C /* ForgotPasswordViewController.swift */,
				068139B72966C00E00BB745C /* EnterNewPasswordViewController.swift */,
				58551571295DB9CC00A95485 /* OnboardingViewController.swift */,
				5F173B30295DD0FF0069A78B /* SignUpViewController.swift */,
				5FA8BDC9295C11580065071E /* Assets.xcassets */,
				5FA8BDCB295C11580065071E /* LaunchScreen.storyboard */,
				5FA8BDCE295C11580065071E /* Info.plist */,
				5F952A4D296C1B9000429B27 /* Verification */,
				58D6B2A929682A3C0040FE6C /* TabBarControllers */,
			);
			path = fitApp;
			sourceTree = "<group>";
		};
/* End PBXGroup section */

/* Begin PBXNativeTarget section */
		5FA8BDBC295C11570065071E /* fitApp */ = {
			isa = PBXNativeTarget;
			buildConfigurationList = 5FA8BDD1295C11580065071E /* Build configuration list for PBXNativeTarget "fitApp" */;
			buildPhases = (
				5FA8BDB9295C11570065071E /* Sources */,
				5FA8BDBA295C11570065071E /* Frameworks */,
				5FA8BDBB295C11570065071E /* Resources */,
			);
			buildRules = (
			);
			dependencies = (
			);
			name = fitApp;
			productName = fitApp;
			productReference = 5FA8BDBD295C11570065071E /* fitApp.app */;
			productType = "com.apple.product-type.application";
		};
/* End PBXNativeTarget section */

/* Begin PBXProject section */
		5FA8BDB5295C11570065071E /* Project object */ = {
			isa = PBXProject;
			attributes = {
				BuildIndependentTargetsInParallel = 1;
				LastSwiftUpdateCheck = 1420;
				LastUpgradeCheck = 1420;
				TargetAttributes = {
					5FA8BDBC295C11570065071E = {
						CreatedOnToolsVersion = 14.2;
					};
				};
			};
			buildConfigurationList = 5FA8BDB8295C11570065071E /* Build configuration list for PBXProject "fitApp" */;
			compatibilityVersion = "Xcode 14.0";
			developmentRegion = en;
			hasScannedForEncodings = 0;
			knownRegions = (
				en,
				Base,
			);
			mainGroup = 5FA8BDB4295C11570065071E;
			productRefGroup = 5FA8BDBE295C11570065071E /* Products */;
			projectDirPath = "";
			projectRoot = "";
			targets = (
				5FA8BDBC295C11570065071E /* fitApp */,
			);
		};
/* End PBXProject section */

/* Begin PBXResourcesBuildPhase section */
		5FA8BDBB295C11570065071E /* Resources */ = {
			isa = PBXResourcesBuildPhase;
			buildActionMask = 2147483647;
			files = (
				5FA8BDCD295C11580065071E /* LaunchScreen.storyboard in Resources */,
				5FA8BDCA295C11580065071E /* Assets.xcassets in Resources */,
			);
			runOnlyForDeploymentPostprocessing = 0;
		};
/* End PBXResourcesBuildPhase section */

/* Begin PBXSourcesBuildPhase section */
		5FA8BDB9295C11570065071E /* Sources */ = {
			isa = PBXSourcesBuildPhase;
			buildActionMask = 2147483647;
			files = (
				58D6B2A429682A020040FE6C /* SearchViewController.swift in Sources */,
				58D6B2B22968314F0040FE6C /* Resource.swift in Sources */,
				58B62C08296B162200C77B3A /* AmrapViewController.swift in Sources */,
				584B4DC6296C7D6200B1A3D1 /* DetailWorkoutViewController.swift in Sources */,
				068139B82966C00E00BB745C /* EnterNewPasswordViewController.swift in Sources */,
				58D6B2B42968362B0040FE6C /* AdditionalTableViewCell.swift in Sources */,
				5FA4C4B4296C45E3000CF3D3 /* PhoneNumberVerificationViewController.swift in Sources */,
				5F173B31295DD1000069A78B /* SignUpViewController.swift in Sources */,
				5FA8BDC1295C11570065071E /* AppDelegate.swift in Sources */,
				58B62C0A296B1F3C00C77B3A /* AmrapTableViewCell.swift in Sources */,
				5FF2E6C829699CEA00F5414A /* VerificationMethodViewCell.swift in Sources */,
				5FA4C4B6296C45F5000CF3D3 /* EmailVerficationViewController.swift in Sources */,
				068139B62966A95900BB745C /* ForgotPasswordViewController.swift in Sources */,
				58D6B2A629682A1F0040FE6C /* ArticleViewController.swift in Sources */,
				58D6B2A829682A2E0040FE6C /* ProfileViewController.swift in Sources */,
				58D6B2AC2968307C0040FE6C /* TrendingHeaderTableView.swift in Sources */,
				5F0A1D2F296FF2F80068A823 /* MoreArticleTableViewCell.swift in Sources */,
				58551572295DB9CC00A95485 /* OnboardingViewController.swift in Sources */,
				58D6B2A2296829CB0040FE6C /* HomeViewController.swift in Sources */,
				58D6B2AE296830BB0040FE6C /* TrendingTableViewCell.swift in Sources */,
				58D6B2B6296836410040FE6C /* AdditionalCollectionViewCell.swift in Sources */,
				584B4DC8296C7D8900B1A3D1 /* DetailWorkoutTableViewCell.swift in Sources */,
				5F0A1D31296FF63A0068A823 /* ExactArticleViewController.swift in Sources */,
				58D6B2B0296831010040FE6C /* TrendingCollectionViewCell.swift in Sources */,
				5FE72AB82966BF8800BEB64B /* VerifyViewController.swift in Sources */,
				06635E6C29654E0100504ABE /* LoginViewController.swift in Sources */,
				5FA8BDC3295C11570065071E /* SceneDelegate.swift in Sources */,
			);
			runOnlyForDeploymentPostprocessing = 0;
		};
/* End PBXSourcesBuildPhase section */

/* Begin PBXVariantGroup section */
		5FA8BDCB295C11580065071E /* LaunchScreen.storyboard */ = {
			isa = PBXVariantGroup;
			children = (
				5FA8BDCC295C11580065071E /* Base */,
			);
			name = LaunchScreen.storyboard;
			sourceTree = "<group>";
		};
/* End PBXVariantGroup section */

/* Begin XCBuildConfiguration section */
		5FA8BDCF295C11580065071E /* Debug */ = {
			isa = XCBuildConfiguration;
			buildSettings = {
				ALWAYS_SEARCH_USER_PATHS = NO;
				CLANG_ANALYZER_NONNULL = YES;
				CLANG_ANALYZER_NUMBER_OBJECT_CONVERSION = YES_AGGRESSIVE;
				CLANG_CXX_LANGUAGE_STANDARD = "gnu++20";
				CLANG_ENABLE_MODULES = YES;
				CLANG_ENABLE_OBJC_ARC = YES;
				CLANG_ENABLE_OBJC_WEAK = YES;
				CLANG_WARN_BLOCK_CAPTURE_AUTORELEASING = YES;
				CLANG_WARN_BOOL_CONVERSION = YES;
				CLANG_WARN_COMMA = YES;
				CLANG_WARN_CONSTANT_CONVERSION = YES;
				CLANG_WARN_DEPRECATED_OBJC_IMPLEMENTATIONS = YES;
				CLANG_WARN_DIRECT_OBJC_ISA_USAGE = YES_ERROR;
				CLANG_WARN_DOCUMENTATION_COMMENTS = YES;
				CLANG_WARN_EMPTY_BODY = YES;
				CLANG_WARN_ENUM_CONVERSION = YES;
				CLANG_WARN_INFINITE_RECURSION = YES;
				CLANG_WARN_INT_CONVERSION = YES;
				CLANG_WARN_NON_LITERAL_NULL_CONVERSION = YES;
				CLANG_WARN_OBJC_IMPLICIT_RETAIN_SELF = YES;
				CLANG_WARN_OBJC_LITERAL_CONVERSION = YES;
				CLANG_WARN_OBJC_ROOT_CLASS = YES_ERROR;
				CLANG_WARN_QUOTED_INCLUDE_IN_FRAMEWORK_HEADER = YES;
				CLANG_WARN_RANGE_LOOP_ANALYSIS = YES;
				CLANG_WARN_STRICT_PROTOTYPES = YES;
				CLANG_WARN_SUSPICIOUS_MOVE = YES;
				CLANG_WARN_UNGUARDED_AVAILABILITY = YES_AGGRESSIVE;
				CLANG_WARN_UNREACHABLE_CODE = YES;
				CLANG_WARN__DUPLICATE_METHOD_MATCH = YES;
				COPY_PHASE_STRIP = NO;
				DEBUG_INFORMATION_FORMAT = dwarf;
				ENABLE_STRICT_OBJC_MSGSEND = YES;
				ENABLE_TESTABILITY = YES;
				GCC_C_LANGUAGE_STANDARD = gnu11;
				GCC_DYNAMIC_NO_PIC = NO;
				GCC_NO_COMMON_BLOCKS = YES;
				GCC_OPTIMIZATION_LEVEL = 0;
				GCC_PREPROCESSOR_DEFINITIONS = (
					"DEBUG=1",
					"$(inherited)",
				);
				GCC_WARN_64_TO_32_BIT_CONVERSION = YES;
				GCC_WARN_ABOUT_RETURN_TYPE = YES_ERROR;
				GCC_WARN_UNDECLARED_SELECTOR = YES;
				GCC_WARN_UNINITIALIZED_AUTOS = YES_AGGRESSIVE;
				GCC_WARN_UNUSED_FUNCTION = YES;
				GCC_WARN_UNUSED_VARIABLE = YES;
				IPHONEOS_DEPLOYMENT_TARGET = 16.2;
				MTL_ENABLE_DEBUG_INFO = INCLUDE_SOURCE;
				MTL_FAST_MATH = YES;
				ONLY_ACTIVE_ARCH = YES;
				SDKROOT = iphoneos;
				SWIFT_ACTIVE_COMPILATION_CONDITIONS = DEBUG;
				SWIFT_OPTIMIZATION_LEVEL = "-Onone";
			};
			name = Debug;
		};
		5FA8BDD0295C11580065071E /* Release */ = {
			isa = XCBuildConfiguration;
			buildSettings = {
				ALWAYS_SEARCH_USER_PATHS = NO;
				CLANG_ANALYZER_NONNULL = YES;
				CLANG_ANALYZER_NUMBER_OBJECT_CONVERSION = YES_AGGRESSIVE;
				CLANG_CXX_LANGUAGE_STANDARD = "gnu++20";
				CLANG_ENABLE_MODULES = YES;
				CLANG_ENABLE_OBJC_ARC = YES;
				CLANG_ENABLE_OBJC_WEAK = YES;
				CLANG_WARN_BLOCK_CAPTURE_AUTORELEASING = YES;
				CLANG_WARN_BOOL_CONVERSION = YES;
				CLANG_WARN_COMMA = YES;
				CLANG_WARN_CONSTANT_CONVERSION = YES;
				CLANG_WARN_DEPRECATED_OBJC_IMPLEMENTATIONS = YES;
				CLANG_WARN_DIRECT_OBJC_ISA_USAGE = YES_ERROR;
				CLANG_WARN_DOCUMENTATION_COMMENTS = YES;
				CLANG_WARN_EMPTY_BODY = YES;
				CLANG_WARN_ENUM_CONVERSION = YES;
				CLANG_WARN_INFINITE_RECURSION = YES;
				CLANG_WARN_INT_CONVERSION = YES;
				CLANG_WARN_NON_LITERAL_NULL_CONVERSION = YES;
				CLANG_WARN_OBJC_IMPLICIT_RETAIN_SELF = YES;
				CLANG_WARN_OBJC_LITERAL_CONVERSION = YES;
				CLANG_WARN_OBJC_ROOT_CLASS = YES_ERROR;
				CLANG_WARN_QUOTED_INCLUDE_IN_FRAMEWORK_HEADER = YES;
				CLANG_WARN_RANGE_LOOP_ANALYSIS = YES;
				CLANG_WARN_STRICT_PROTOTYPES = YES;
				CLANG_WARN_SUSPICIOUS_MOVE = YES;
				CLANG_WARN_UNGUARDED_AVAILABILITY = YES_AGGRESSIVE;
				CLANG_WARN_UNREACHABLE_CODE = YES;
				CLANG_WARN__DUPLICATE_METHOD_MATCH = YES;
				COPY_PHASE_STRIP = NO;
				DEBUG_INFORMATION_FORMAT = "dwarf-with-dsym";
				ENABLE_NS_ASSERTIONS = NO;
				ENABLE_STRICT_OBJC_MSGSEND = YES;
				GCC_C_LANGUAGE_STANDARD = gnu11;
				GCC_NO_COMMON_BLOCKS = YES;
				GCC_WARN_64_TO_32_BIT_CONVERSION = YES;
				GCC_WARN_ABOUT_RETURN_TYPE = YES_ERROR;
				GCC_WARN_UNDECLARED_SELECTOR = YES;
				GCC_WARN_UNINITIALIZED_AUTOS = YES_AGGRESSIVE;
				GCC_WARN_UNUSED_FUNCTION = YES;
				GCC_WARN_UNUSED_VARIABLE = YES;
				IPHONEOS_DEPLOYMENT_TARGET = 16.2;
				MTL_ENABLE_DEBUG_INFO = NO;
				MTL_FAST_MATH = YES;
				SDKROOT = iphoneos;
				SWIFT_COMPILATION_MODE = wholemodule;
				SWIFT_OPTIMIZATION_LEVEL = "-O";
				VALIDATE_PRODUCT = YES;
			};
			name = Release;
		};
		5FA8BDD2295C11580065071E /* Debug */ = {
			isa = XCBuildConfiguration;
			buildSettings = {
				ASSETCATALOG_COMPILER_APPICON_NAME = AppIcon;
				ASSETCATALOG_COMPILER_GLOBAL_ACCENT_COLOR_NAME = AccentColor;
				CODE_SIGN_STYLE = Automatic;
				CURRENT_PROJECT_VERSION = 1;
				DEVELOPMENT_TEAM = 772A23CWJC;
				GENERATE_INFOPLIST_FILE = YES;
				INFOPLIST_FILE = fitApp/Info.plist;
				INFOPLIST_KEY_UIApplicationSupportsIndirectInputEvents = YES;
				INFOPLIST_KEY_UILaunchStoryboardName = LaunchScreen;
				INFOPLIST_KEY_UISupportedInterfaceOrientations_iPad = "UIInterfaceOrientationPortrait UIInterfaceOrientationPortraitUpsideDown UIInterfaceOrientationLandscapeLeft UIInterfaceOrientationLandscapeRight";
				INFOPLIST_KEY_UISupportedInterfaceOrientations_iPhone = "UIInterfaceOrientationPortrait UIInterfaceOrientationLandscapeLeft UIInterfaceOrientationLandscapeRight";
				IPHONEOS_DEPLOYMENT_TARGET = 16.2;
				LD_RUNPATH_SEARCH_PATHS = (
					"$(inherited)",
					"@executable_path/Frameworks",
				);
				MARKETING_VERSION = 1.0;
				PRODUCT_BUNDLE_IDENTIFIER = jusansingularity.ios.ArnurSakenov.fitApp;
				PRODUCT_NAME = "$(TARGET_NAME)";
				SWIFT_EMIT_LOC_STRINGS = YES;
				SWIFT_VERSION = 5.0;
				TARGETED_DEVICE_FAMILY = "1,2";
			};
			name = Debug;
		};
		5FA8BDD3295C11580065071E /* Release */ = {
			isa = XCBuildConfiguration;
			buildSettings = {
				ASSETCATALOG_COMPILER_APPICON_NAME = AppIcon;
				ASSETCATALOG_COMPILER_GLOBAL_ACCENT_COLOR_NAME = AccentColor;
				CODE_SIGN_STYLE = Automatic;
				CURRENT_PROJECT_VERSION = 1;
				DEVELOPMENT_TEAM = 772A23CWJC;
				GENERATE_INFOPLIST_FILE = YES;
				INFOPLIST_FILE = fitApp/Info.plist;
				INFOPLIST_KEY_UIApplicationSupportsIndirectInputEvents = YES;
				INFOPLIST_KEY_UILaunchStoryboardName = LaunchScreen;
				INFOPLIST_KEY_UISupportedInterfaceOrientations_iPad = "UIInterfaceOrientationPortrait UIInterfaceOrientationPortraitUpsideDown UIInterfaceOrientationLandscapeLeft UIInterfaceOrientationLandscapeRight";
				INFOPLIST_KEY_UISupportedInterfaceOrientations_iPhone = "UIInterfaceOrientationPortrait UIInterfaceOrientationLandscapeLeft UIInterfaceOrientationLandscapeRight";
				IPHONEOS_DEPLOYMENT_TARGET = 16.2;
				LD_RUNPATH_SEARCH_PATHS = (
					"$(inherited)",
					"@executable_path/Frameworks",
				);
				MARKETING_VERSION = 1.0;
				PRODUCT_BUNDLE_IDENTIFIER = jusansingularity.ios.ArnurSakenov.fitApp;
				PRODUCT_NAME = "$(TARGET_NAME)";
				SWIFT_EMIT_LOC_STRINGS = YES;
				SWIFT_VERSION = 5.0;
				TARGETED_DEVICE_FAMILY = "1,2";
			};
			name = Release;
		};
/* End XCBuildConfiguration section */

/* Begin XCConfigurationList section */
		5FA8BDB8295C11570065071E /* Build configuration list for PBXProject "fitApp" */ = {
			isa = XCConfigurationList;
			buildConfigurations = (
				5FA8BDCF295C11580065071E /* Debug */,
				5FA8BDD0295C11580065071E /* Release */,
			);
			defaultConfigurationIsVisible = 0;
			defaultConfigurationName = Release;
		};
		5FA8BDD1295C11580065071E /* Build configuration list for PBXNativeTarget "fitApp" */ = {
			isa = XCConfigurationList;
			buildConfigurations = (
				5FA8BDD2295C11580065071E /* Debug */,
				5FA8BDD3295C11580065071E /* Release */,
			);
			defaultConfigurationIsVisible = 0;
			defaultConfigurationName = Release;
		};
/* End XCConfigurationList section */
	};
	rootObject = 5FA8BDB5295C11570065071E /* Project object */;
}
